
Microsoft Visual Studio Solution File, Format Version 12.00
# Visual Studio Version 16
VisualStudioVersion = 16.0.32106.194
MinimumVisualStudioVersion = 10.0.40219.1
Project("{FAE04EC0-301F-11D3-BF4B-00C04F79EFBC}") = "Урок3", "Урок3\Урок3.csproj", "{50E53F4D-A724-4A89-90FC-141B9AFB9D53}"
EndProject
Global
	GlobalSection(SolutionConfigurationPlatforms) = preSolution
		Debug|Any CPU = Debug|Any CPU
		Release|Any CPU = Release|Any CPU
	EndGlobalSection
	GlobalSection(ProjectConfigurationPlatforms) = postSolution
		{50E53F4D-A724-4A89-90FC-141B9AFB9D53}.Debug|Any CPU.ActiveCfg = Debug|Any CPU
		{50E53F4D-A724-4A89-90FC-141B9AFB9D53}.Debug|Any CPU.Build.0 = Debug|Any CPU
		{50E53F4D-A724-4A89-90FC-141B9AFB9D53}.Release|Any CPU.ActiveCfg = Release|Any CPU
		{50E53F4D-A724-4A89-90FC-141B9AFB9D53}.Release|Any CPU.Build.0 = Release|Any CPU
	EndGlobalSection
	GlobalSection(SolutionProperties) = preSolution
		HideSolutionNode = FALSE
	EndGlobalSection
	GlobalSection(ExtensibilityGlobals) = postSolution
		SolutionGuid = {68ABCCDF-C737-4C7C-8689-0222A3926A98}
	EndGlobalSection
EndGlobal
